// !$*UTF8*$!
{
	archiveVersion = 1;
	classes = {
	};
	objectVersion = 46;
	objects = {

/* Begin PBXBuildFile section */
		AA5857F21EFC78330006C99A /* AppDelegate.swift in Sources */ = {isa = PBXBuildFile; fileRef = AA5857F11EFC78330006C99A /* AppDelegate.swift */; };
		AA5857F41EFC78330006C99A /* ViewController.swift in Sources */ = {isa = PBXBuildFile; fileRef = AA5857F31EFC78330006C99A /* ViewController.swift */; };
		AA5857F71EFC78330006C99A /* Main.storyboard in Resources */ = {isa = PBXBuildFile; fileRef = AA5857F51EFC78330006C99A /* Main.storyboard */; };
		AA5857F91EFC78330006C99A /* Assets.xcassets in Resources */ = {isa = PBXBuildFile; fileRef = AA5857F81EFC78330006C99A /* Assets.xcassets */; };
		AA5857FC1EFC78330006C99A /* LaunchScreen.storyboard in Resources */ = {isa = PBXBuildFile; fileRef = AA5857FA1EFC78330006C99A /* LaunchScreen.storyboard */; };
/* End PBXBuildFile section */

/* Begin PBXFileReference section */
		AA5857EE1EFC78330006C99A /* TourClone.app */ = {isa = PBXFileReference; explicitFileType = wrapper.application; includeInIndex = 0; path = TourClone.app; sourceTree = BUILT_PRODUCTS_DIR; };
		AA5857F11EFC78330006C99A /* AppDelegate.swift */ = {isa = PBXFileReference; lastKnownFileType = sourcecode.swift; path = AppDelegate.swift; sourceTree = "<group>"; };
		AA5857F31EFC78330006C99A /* ViewController.swift */ = {isa = PBXFileReference; lastKnownFileType = sourcecode.swift; path = ViewController.swift; sourceTree = "<group>"; };
		AA5857F61EFC78330006C99A /* Base */ = {isa = PBXFileReference; lastKnownFileType = file.storyboard; name = Base; path = Base.lproj/Main.storyboard; sourceTree = "<group>"; };
		AA5857F81EFC78330006C99A /* Assets.xcassets */ = {isa = PBXFileReference; lastKnownFileType = folder.assetcatalog; path = Assets.xcassets; sourceTree = "<group>"; };
		AA5857FB1EFC78330006C99A /* Base */ = {isa = PBXFileReference; lastKnownFileType = file.storyboard; name = Base; path = Base.lproj/LaunchScreen.storyboard; sourceTree = "<group>"; };
		AA5857FD1EFC78330006C99A /* Info.plist */ = {isa = PBXFileReference; lastKnownFileType = text.plist.xml; path = Info.plist; sourceTree = "<group>"; };
/* End PBXFileReference section */

/* Begin PBXFrameworksBuildPhase section */
		AA5857EB1EFC78330006C99A /* Frameworks */ = {
			isa = PBXFrameworksBuildPhase;
			buildActionMask = 2147483647;
			files = (
			);
			runOnlyForDeploymentPostprocessing = 0;
		};
/* End PBXFrameworksBuildPhase section */

/* Begin PBXGroup section */
		AA5857E51EFC78330006C99A = {
			isa = PBXGroup;
			children = (
				AA5857F01EFC78330006C99A /* TourClone */,
				AA5857EF1EFC78330006C99A /* Products */,
			);
			sourceTree = "<group>";
		};
		AA5857EF1EFC78330006C99A /* Products */ = {
			isa = PBXGroup;
			children = (
				AA5857EE1EFC78330006C99A /* TourClone.app */,
			);
			name = Products;
			sourceTree = "<group>";
		};
		AA5857F01EFC78330006C99A /* TourClone */ = {
			isa = PBXGroup;
			children = (
				AA5857F11EFC78330006C99A /* AppDelegate.swift */,
				AA5857F31EFC78330006C99A /* ViewController.swift */,
				AA5857F51EFC78330006C99A /* Main.storyboard */,
				AA5857F81EFC78330006C99A /* Assets.xcassets */,
				AA5857FA1EFC78330006C99A /* LaunchScreen.storyboard */,
				AA5857FD1EFC78330006C99A /* Info.plist */,
			);
			path = TourClone;
			sourceTree = "<group>";
		};
/* End PBXGroup section */

/* Begin PBXNativeTarget section */
		AA5857ED1EFC78330006C99A /* TourClone */ = {
			isa = PBXNativeTarget;
			buildConfigurationList = AA5858001EFC78330006C99A /* Build configuration list for PBXNativeTarget "TourClone" */;
			buildPhases = (
				AA5857EA1EFC78330006C99A /* Sources */,
				AA5857EB1EFC78330006C99A /* Frameworks */,
				AA5857EC1EFC78330006C99A /* Resources */,
			);
			buildRules = (
			);
			dependencies = (
			);
			name = TourClone;
			productName = TourClone;
			productReference = AA5857EE1EFC78330006C99A /* TourClone.app */;
			productType = "com.apple.product-type.application";
		};
/* End PBXNativeTarget section */

/* Begin PBXProject section */
		AA5857E61EFC78330006C99A /* Project object */ = {
			isa = PBXProject;
			attributes = {
				LastSwiftUpdateCheck = 0830;
				LastUpgradeCheck = 0830;
				ORGANIZATIONNAME = linxingdong;
				TargetAttributes = {
					AA5857ED1EFC78330006C99A = {
						CreatedOnToolsVersion = 8.3.2;
						DevelopmentTeam = KXL2E9N2X5;
						ProvisioningStyle = Automatic;
					};
				};
			};
			buildConfigurationList = AA5857E91EFC78330006C99A /* Build configuration list for PBXProject "TourClone" */;
			compatibilityVersion = "Xcode 3.2";
			developmentRegion = English;
			hasScannedForEncodings = 0;
			knownRegions = (
				en,
				Base,
			);
			mainGroup = AA5857E51EFC78330006C99A;
			productRefGroup = AA5857EF1EFC78330006C99A /* Products */;
			projectDirPath = "";
			projectRoot = "";
			targets = (
				AA5857ED1EFC78330006C99A /* TourClone */,
			);
		};
/* End PBXProject section */

/* Begin PBXResourcesBuildPhase section */
		AA5857EC1EFC78330006C99A /* Resources */ = {
			isa = PBXResourcesBuildPhase;
			buildActionMask = 2147483647;
			files = (
				AA5857FC1EFC78330006C99A /* LaunchScreen.storyboard in Resources */,
				AA5857F91EFC78330006C99A /* Assets.xcassets in Resources */,
				AA5857F71EFC78330006C99A /* Main.storyboard in Resources */,
			);
			runOnlyForDeploymentPostprocessing = 0;
		};
/* End PBXResourcesBuildPhase section */

/* Begin PBXSourcesBuildPhase section */
		AA5857EA1EFC78330006C99A /* Sources */ = {
			isa = PBXSourcesBuildPhase;
			buildActionMask = 2147483647;
			files = (
				AA5857F41EFC78330006C99A /* ViewController.swift in Sources */,
				AA5857F21EFC78330006C99A /* AppDelegate.swift in Sources */,
			);
			runOnlyForDeploymentPostprocessing = 0;
		};
/* End PBXSourcesBuildPhase section */

/* Begin PBXVariantGroup section */
		AA5857F51EFC78330006C99A /* Main.storyboard */ = {
			isa = PBXVariantGroup;
			children = (
				AA5857F61EFC78330006C99A /* Base */,
			);
			name = Main.storyboard;
			sourceTree = "<group>";
		};
		AA5857FA1EFC78330006C99A /* LaunchScreen.storyboard */ = {
			isa = PBXVariantGroup;
			children = (
				AA5857FB1EFC78330006C99A /* Base */,
			);
			name = LaunchScreen.storyboard;
			sourceTree = "<group>";
		};
/* End PBXVariantGroup section */

/* Begin XCBuildConfiguration section */
		AA5857FE1EFC78330006C99A /* Debug */ = {
			isa = XCBuildConfiguration;
			buildSettings = {
				ALWAYS_SEARCH_USER_PATHS = NO;
				CLANG_ANALYZER_NONNULL = YES;
				CLANG_ANALYZER_NUMBER_OBJECT_CONVERSION = YES_AGGRESSIVE;
				CLANG_CXX_LANGUAGE_STANDARD = "gnu++0x";
				CLANG_CXX_LIBRARY = "libc++";
				CLANG_ENABLE_MODULES = YES;
				CLANG_ENABLE_OBJC_ARC = YES;
				CLANG_WARN_BOOL_CONVERSION = YES;
				CLANG_WARN_CONSTANT_CONVERSION = YES;
				CLANG_WARN_DIRECT_OBJC_ISA_USAGE = YES_ERROR;
				CLANG_WARN_DOCUMENTATION_COMMENTS = YES;
				CLANG_WARN_EMPTY_BODY = YES;
				CLANG_WARN_ENUM_CONVERSION = YES;
				CLANG_WARN_INFINITE_RECURSION = YES;
				CLANG_WARN_INT_CONVERSION = YES;
				CLANG_WARN_OBJC_ROOT_CLASS = YES_ERROR;
				CLANG_WARN_SUSPICIOUS_MOVE = YES;
				CLANG_WARN_UNREACHABLE_CODE = YES;
				CLANG_WARN__DUPLICATE_METHOD_MATCH = YES;
				"CODE_SIGN_IDENTITY[sdk=iphoneos*]" = "iPhone Developer";
				COPY_PHASE_STRIP = NO;
				DEBUG_INFORMATION_FORMAT = dwarf;
				ENABLE_STRICT_OBJC_MSGSEND = YES;
				ENABLE_TESTABILITY = YES;
				GCC_C_LANGUAGE_STANDARD = gnu99;
				GCC_DYNAMIC_NO_PIC = NO;
				GCC_NO_COMMON_BLOCKS = YES;
				GCC_OPTIMIZATION_LEVEL = 0;
				GCC_PREPROCESSOR_DEFINITIONS = (
					"DEBUG=1",
					"$(inherited)",
				);
				GCC_WARN_64_TO_32_BIT_CONVERSION = YES;
				GCC_WARN_ABOUT_RETURN_TYPE = YES_ERROR;
				GCC_WARN_UNDECLARED_SELECTOR = YES;
				GCC_WARN_UNINITIALIZED_AUTOS = YES_AGGRESSIVE;
				GCC_WARN_UNUSED_FUNCTION = YES;
				GCC_WARN_UNUSED_VARIABLE = YES;
				IPHONEOS_DEPLOYMENT_TARGET = 10.3;
				MTL_ENABLE_DEBUG_INFO = YES;
				ONLY_ACTIVE_ARCH = YES;
				SDKROOT = iphoneos;
				SWIFT_ACTIVE_COMPILATION_CONDITIONS = DEBUG;
				SWIFT_OPTIMIZATION_LEVEL = "-Onone";
				TARGETED_DEVICE_FAMILY = "1,2";
			};
			name = Debug;
		};
		AA5857FF1EFC78330006C99A /* Release */ = {
			isa = XCBuildConfiguration;
			buildSettings = {
				ALWAYS_SEARCH_USER_PATHS = NO;
				CLANG_ANALYZER_NONNULL = YES;
				CLANG_ANALYZER_NUMBER_OBJECT_CONVERSION = YES_AGGRESSIVE;
				CLANG_CXX_LANGUAGE_STANDARD = "gnu++0x";
				CLANG_CXX_LIBRARY = "libc++";
				CLANG_ENABLE_MODULES = YES;
				CLANG_ENABLE_OBJC_ARC = YES;
				CLANG_WARN_BOOL_CONVERSION = YES;
				CLANG_WARN_CONSTANT_CONVERSION = YES;
				CLANG_WARN_DIRECT_OBJC_ISA_USAGE = YES_ERROR;
				CLANG_WARN_DOCUMENTATION_COMMENTS = YES;
				CLANG_WARN_EMPTY_BODY = YES;
				CLANG_WARN_ENUM_CONVERSION = YES;
				CLANG_WARN_INFINITE_RECURSION = YES;
				CLANG_WARN_INT_CONVERSION = YES;
				CLANG_WARN_OBJC_ROOT_CLASS = YES_ERROR;
				CLANG_WARN_SUSPICIOUS_MOVE = YES;
				CLANG_WARN_UNREACHABLE_CODE = YES;
				CLANG_WARN__DUPLICATE_METHOD_MATCH = YES;
				"CODE_SIGN_IDENTITY[sdk=iphoneos*]" = "iPhone Developer";
				COPY_PHASE_STRIP = NO;
				DEBUG_INFORMATION_FORMAT = "dwarf-with-dsym";
				ENABLE_NS_ASSERTIONS = NO;
				ENABLE_STRICT_OBJC_MSGSEND = YES;
				GCC_C_LANGUAGE_STANDARD = gnu99;
				GCC_NO_COMMON_BLOCKS = YES;
				GCC_WARN_64_TO_32_BIT_CONVERSION = YES;
				GCC_WARN_ABOUT_RETURN_TYPE = YES_ERROR;
				GCC_WARN_UNDECLARED_SELECTOR = YES;
				GCC_WARN_UNINITIALIZED_AUTOS = YES_AGGRESSIVE;
				GCC_WARN_UNUSED_FUNCTION = YES;
				GCC_WARN_UNUSED_VARIABLE = YES;
				IPHONEOS_DEPLOYMENT_TARGET = 10.3;
				MTL_ENABLE_DEBUG_INFO = NO;
				SDKROOT = iphoneos;
				SWIFT_OPTIMIZATION_LEVEL = "-Owholemodule";
				TARGETED_DEVICE_FAMILY = "1,2";
				VALIDATE_PRODUCT = YES;
			};
			name = Release;
		};
		AA5858011EFC78330006C99A /* Debug */ = {
			isa = XCBuildConfiguration;
			buildSettings = {
				ASSETCATALOG_COMPILER_APPICON_NAME = AppIcon;
				DEVELOPMENT_TEAM = KXL2E9N2X5;
				INFOPLIST_FILE = TourClone/Info.plist;
				LD_RUNPATH_SEARCH_PATHS = "$(inherited) @executable_path/Frameworks";
				PRODUCT_BUNDLE_IDENTIFIER = "---.TourClone";
				PRODUCT_NAME = "$(TARGET_NAME)";
				SWIFT_VERSION = 3.0;
			};
			name = Debug;
		};
		AA5858021EFC78330006C99A /* Release */ = {
			isa = XCBuildConfiguration;
			buildSettings = {
				ASSETCATALOG_COMPILER_APPICON_NAME = AppIcon;
				DEVELOPMENT_TEAM = KXL2E9N2X5;
				INFOPLIST_FILE = TourClone/Info.plist;
				LD_RUNPATH_SEARCH_PATHS = "$(inherited) @executable_path/Frameworks";
				PRODUCT_BUNDLE_IDENTIFIER = "---.TourClone";
				PRODUCT_NAME = "$(TARGET_NAME)";
				SWIFT_VERSION = 3.0;
			};
			name = Release;
		};
/* End XCBuildConfiguration section */

/* Begin XCConfigurationList section */
		AA5857E91EFC78330006C99A /* Build configuration list for PBXProject "TourClone" */ = {
			isa = XCConfigurationList;
			buildConfigurations = (
				AA5857FE1EFC78330006C99A /* Debug */,
				AA5857FF1EFC78330006C99A /* Release */,
			);
			defaultConfigurationIsVisible = 0;
			defaultConfigurationName = Release;
		};
		AA5858001EFC78330006C99A /* Build configuration list for PBXNativeTarget "TourClone" */ = {
			isa = XCConfigurationList;
			buildConfigurations = (
				AA5858011EFC78330006C99A /* Debug */,
				AA5858021EFC78330006C99A /* Release */,
			);
			defaultConfigurationIsVisible = 0;
		};
/* End XCConfigurationList section */
	};
	rootObject = AA5857E61EFC78330006C99A /* Project object */;
}
